// !$*UTF8*$!
{
	archiveVersion = 1;
	classes = {
	};
	objectVersion = 46;
	objects = {

/* Begin PBXBuildFile section */
		294011081BCAA57400E53F36 /* main.m in Sources */ = {isa = PBXBuildFile; fileRef = 294011071BCAA57400E53F36 /* main.m */; };
		2940110B1BCAA57400E53F36 /* AppDelegate.m in Sources */ = {isa = PBXBuildFile; fileRef = 2940110A1BCAA57400E53F36 /* AppDelegate.m */; };
		2940110E1BCAA57400E53F36 /* ViewController.m in Sources */ = {isa = PBXBuildFile; fileRef = 2940110D1BCAA57400E53F36 /* ViewController.m */; };
		294011111BCAA57400E53F36 /* Main.storyboard in Resources */ = {isa = PBXBuildFile; fileRef = 2940110F1BCAA57400E53F36 /* Main.storyboard */; };
		294011131BCAA57400E53F36 /* Images.xcassets in Resources */ = {isa = PBXBuildFile; fileRef = 294011121BCAA57400E53F36 /* Images.xcassets */; };
		294011161BCAA57400E53F36 /* LaunchScreen.xib in Resources */ = {isa = PBXBuildFile; fileRef = 294011141BCAA57400E53F36 /* LaunchScreen.xib */; };
		294011221BCAA57400E53F36 /* PushNotificationTests.m in Sources */ = {isa = PBXBuildFile; fileRef = 294011211BCAA57400E53F36 /* PushNotificationTests.m */; };
/* End PBXBuildFile section */

/* Begin PBXContainerItemProxy section */
		2940111C1BCAA57400E53F36 /* PBXContainerItemProxy */ = {
			isa = PBXContainerItemProxy;
			containerPortal = 294010FA1BCAA57400E53F36 /* Project object */;
			proxyType = 1;
			remoteGlobalIDString = 294011011BCAA57400E53F36;
			remoteInfo = PushNotification;
		};
/* End PBXContainerItemProxy section */

/* Begin PBXFileReference section */
		294011021BCAA57400E53F36 /* PushNotification.app */ = {isa = PBXFileReference; explicitFileType = wrapper.application; includeInIndex = 0; path = PushNotification.app; sourceTree = BUILT_PRODUCTS_DIR; };
		294011061BCAA57400E53F36 /* Info.plist */ = {isa = PBXFileReference; lastKnownFileType = text.plist.xml; path = Info.plist; sourceTree = "<group>"; };
		294011071BCAA57400E53F36 /* main.m */ = {isa = PBXFileReference; lastKnownFileType = sourcecode.c.objc; path = main.m; sourceTree = "<group>"; };
		294011091BCAA57400E53F36 /* AppDelegate.h */ = {isa = PBXFileReference; lastKnownFileType = sourcecode.c.h; path = AppDelegate.h; sourceTree = "<group>"; };
		2940110A1BCAA57400E53F36 /* AppDelegate.m */ = {isa = PBXFileReference; lastKnownFileType = sourcecode.c.objc; path = AppDelegate.m; sourceTree = "<group>"; };
		2940110C1BCAA57400E53F36 /* ViewController.h */ = {isa = PBXFileReference; lastKnownFileType = sourcecode.c.h; path = ViewController.h; sourceTree = "<group>"; };
		2940110D1BCAA57400E53F36 /* ViewController.m */ = {isa = PBXFileReference; lastKnownFileType = sourcecode.c.objc; path = ViewController.m; sourceTree = "<group>"; };
		294011101BCAA57400E53F36 /* Base */ = {isa = PBXFileReference; lastKnownFileType = file.storyboard; name = Base; path = Base.lproj/Main.storyboard; sourceTree = "<group>"; };
		294011121BCAA57400E53F36 /* Images.xcassets */ = {isa = PBXFileReference; lastKnownFileType = folder.assetcatalog; path = Images.xcassets; sourceTree = "<group>"; };
		294011151BCAA57400E53F36 /* Base */ = {isa = PBXFileReference; lastKnownFileType = file.xib; name = Base; path = Base.lproj/LaunchScreen.xib; sourceTree = "<group>"; };
		2940111B1BCAA57400E53F36 /* PushNotificationTests.xctest */ = {isa = PBXFileReference; explicitFileType = wrapper.cfbundle; includeInIndex = 0; path = PushNotificationTests.xctest; sourceTree = BUILT_PRODUCTS_DIR; };
		294011201BCAA57400E53F36 /* Info.plist */ = {isa = PBXFileReference; lastKnownFileType = text.plist.xml; path = Info.plist; sourceTree = "<group>"; };
		294011211BCAA57400E53F36 /* PushNotificationTests.m */ = {isa = PBXFileReference; lastKnownFileType = sourcecode.c.objc; path = PushNotificationTests.m; sourceTree = "<group>"; };
/* End PBXFileReference section */

/* Begin PBXFrameworksBuildPhase section */
		294010FF1BCAA57400E53F36 /* Frameworks */ = {
			isa = PBXFrameworksBuildPhase;
			buildActionMask = 2147483647;
			files = (
			);
			runOnlyForDeploymentPostprocessing = 0;
		};
		294011181BCAA57400E53F36 /* Frameworks */ = {
			isa = PBXFrameworksBuildPhase;
			buildActionMask = 2147483647;
			files = (
			);
			runOnlyForDeploymentPostprocessing = 0;
		};
/* End PBXFrameworksBuildPhase section */

/* Begin PBXGroup section */
		294010F91BCAA57400E53F36 = {
			isa = PBXGroup;
			children = (
				294011041BCAA57400E53F36 /* PushNotification */,
				2940111E1BCAA57400E53F36 /* PushNotificationTests */,
				294011031BCAA57400E53F36 /* Products */,
			);
			sourceTree = "<group>";
		};
		294011031BCAA57400E53F36 /* Products */ = {
			isa = PBXGroup;
			children = (
				294011021BCAA57400E53F36 /* PushNotification.app */,
				2940111B1BCAA57400E53F36 /* PushNotificationTests.xctest */,
			);
			name = Products;
			sourceTree = "<group>";
		};
		294011041BCAA57400E53F36 /* PushNotification */ = {
			isa = PBXGroup;
			children = (
				294011091BCAA57400E53F36 /* AppDelegate.h */,
				2940110A1BCAA57400E53F36 /* AppDelegate.m */,
				2940110C1BCAA57400E53F36 /* ViewController.h */,
				2940110D1BCAA57400E53F36 /* ViewController.m */,
				2940110F1BCAA57400E53F36 /* Main.storyboard */,
				294011121BCAA57400E53F36 /* Images.xcassets */,
				294011141BCAA57400E53F36 /* LaunchScreen.xib */,
				294011051BCAA57400E53F36 /* Supporting Files */,
			);
			path = PushNotification;
			sourceTree = "<group>";
		};
		294011051BCAA57400E53F36 /* Supporting Files */ = {
			isa = PBXGroup;
			children = (
				294011061BCAA57400E53F36 /* Info.plist */,
				294011071BCAA57400E53F36 /* main.m */,
			);
			name = "Supporting Files";
			sourceTree = "<group>";
		};
		2940111E1BCAA57400E53F36 /* PushNotificationTests */ = {
			isa = PBXGroup;
			children = (
				294011211BCAA57400E53F36 /* PushNotificationTests.m */,
				2940111F1BCAA57400E53F36 /* Supporting Files */,
			);
			path = PushNotificationTests;
			sourceTree = "<group>";
		};
		2940111F1BCAA57400E53F36 /* Supporting Files */ = {
			isa = PBXGroup;
			children = (
				294011201BCAA57400E53F36 /* Info.plist */,
			);
			name = "Supporting Files";
			sourceTree = "<group>";
		};
/* End PBXGroup section */

/* Begin PBXNativeTarget section */
		294011011BCAA57400E53F36 /* PushNotification */ = {
			isa = PBXNativeTarget;
			buildConfigurationList = 294011251BCAA57400E53F36 /* Build configuration list for PBXNativeTarget "PushNotification" */;
			buildPhases = (
				294010FE1BCAA57400E53F36 /* Sources */,
				294010FF1BCAA57400E53F36 /* Frameworks */,
				294011001BCAA57400E53F36 /* Resources */,
			);
			buildRules = (
			);
			dependencies = (
			);
			name = PushNotification;
			productName = PushNotification;
			productReference = 294011021BCAA57400E53F36 /* PushNotification.app */;
			productType = "com.apple.product-type.application";
		};
		2940111A1BCAA57400E53F36 /* PushNotificationTests */ = {
			isa = PBXNativeTarget;
			buildConfigurationList = 294011281BCAA57400E53F36 /* Build configuration list for PBXNativeTarget "PushNotificationTests" */;
			buildPhases = (
				294011171BCAA57400E53F36 /* Sources */,
				294011181BCAA57400E53F36 /* Frameworks */,
				294011191BCAA57400E53F36 /* Resources */,
			);
			buildRules = (
			);
			dependencies = (
				2940111D1BCAA57400E53F36 /* PBXTargetDependency */,
			);
			name = PushNotificationTests;
			productName = PushNotificationTests;
			productReference = 2940111B1BCAA57400E53F36 /* PushNotificationTests.xctest */;
			productType = "com.apple.product-type.bundle.unit-test";
		};
/* End PBXNativeTarget section */

/* Begin PBXProject section */
		294010FA1BCAA57400E53F36 /* Project object */ = {
			isa = PBXProject;
			attributes = {
				LastUpgradeCheck = 0640;
				ORGANIZATIONNAME = lqq;
				TargetAttributes = {
					294011011BCAA57400E53F36 = {
						CreatedOnToolsVersion = 6.4;
					};
					2940111A1BCAA57400E53F36 = {
						CreatedOnToolsVersion = 6.4;
						TestTargetID = 294011011BCAA57400E53F36;
					};
				};
			};
			buildConfigurationList = 294010FD1BCAA57400E53F36 /* Build configuration list for PBXProject "PushNotification" */;
			compatibilityVersion = "Xcode 3.2";
			developmentRegion = English;
			hasScannedForEncodings = 0;
			knownRegions = (
				en,
				Base,
			);
			mainGroup = 294010F91BCAA57400E53F36;
			productRefGroup = 294011031BCAA57400E53F36 /* Products */;
			projectDirPath = "";
			projectRoot = "";
			targets = (
				294011011BCAA57400E53F36 /* PushNotification */,
				2940111A1BCAA57400E53F36 /* PushNotificationTests */,
			);
		};
/* End PBXProject section */

/* Begin PBXResourcesBuildPhase section */
		294011001BCAA57400E53F36 /* Resources */ = {
			isa = PBXResourcesBuildPhase;
			buildActionMask = 2147483647;
			files = (
				294011111BCAA57400E53F36 /* Main.storyboard in Resources */,
				294011161BCAA57400E53F36 /* LaunchScreen.xib in Resources */,
				294011131BCAA57400E53F36 /* Images.xcassets in Resources */,
			);
			runOnlyForDeploymentPostprocessing = 0;
		};
		294011191BCAA57400E53F36 /* Resources */ = {
			isa = PBXResourcesBuildPhase;
			buildActionMask = 2147483647;
			files = (
			);
			runOnlyForDeploymentPostprocessing = 0;
		};
/* End PBXResourcesBuildPhase section */

/* Begin PBXSourcesBuildPhase section */
		294010FE1BCAA57400E53F36 /* Sources */ = {
			isa = PBXSourcesBuildPhase;
			buildActionMask = 2147483647;
			files = (
				2940110E1BCAA57400E53F36 /* ViewController.m in Sources */,
				2940110B1BCAA57400E53F36 /* AppDelegate.m in Sources */,
				294011081BCAA57400E53F36 /* main.m in Sources */,
			);
			runOnlyForDeploymentPostprocessing = 0;
		};
		294011171BCAA57400E53F36 /* Sources */ = {
			isa = PBXSourcesBuildPhase;
			buildActionMask = 2147483647;
			files = (
				294011221BCAA57400E53F36 /* PushNotificationTests.m in Sources */,
			);
			runOnlyForDeploymentPostprocessing = 0;
		};
/* End PBXSourcesBuildPhase section */

/* Begin PBXTargetDependency section */
		2940111D1BCAA57400E53F36 /* PBXTargetDependency */ = {
			isa = PBXTargetDependency;
			target = 294011011BCAA57400E53F36 /* PushNotification */;
			targetProxy = 2940111C1BCAA57400E53F36 /* PBXContainerItemProxy */;
		};
/* End PBXTargetDependency section */

/* Begin PBXVariantGroup section */
		2940110F1BCAA57400E53F36 /* Main.storyboard */ = {
			isa = PBXVariantGroup;
			children = (
				294011101BCAA57400E53F36 /* Base */,
			);
			name = Main.storyboard;
			sourceTree = "<group>";
		};
		294011141BCAA57400E53F36 /* LaunchScreen.xib */ = {
			isa = PBXVariantGroup;
			children = (
				294011151BCAA57400E53F36 /* Base */,
			);
			name = LaunchScreen.xib;
			sourceTree = "<group>";
		};
/* End PBXVariantGroup section */

/* Begin XCBuildConfiguration section */
		294011231BCAA57400E53F36 /* Debug */ = {
			isa = XCBuildConfiguration;
			buildSettings = {
				ALWAYS_SEARCH_USER_PATHS = NO;
				CLANG_CXX_LANGUAGE_STANDARD = "gnu++0x";
				CLANG_CXX_LIBRARY = "libc++";
				CLANG_ENABLE_MODULES = YES;
				CLANG_ENABLE_OBJC_ARC = YES;
				CLANG_WARN_BOOL_CONVERSION = YES;
				CLANG_WARN_CONSTANT_CONVERSION = YES;
				CLANG_WARN_DIRECT_OBJC_ISA_USAGE = YES_ERROR;
				CLANG_WARN_EMPTY_BODY = YES;
				CLANG_WARN_ENUM_CONVERSION = YES;
				CLANG_WARN_INT_CONVERSION = YES;
				CLANG_WARN_OBJC_ROOT_CLASS = YES_ERROR;
				CLANG_WARN_UNREACHABLE_CODE = YES;
				CLANG_WARN__DUPLICATE_METHOD_MATCH = YES;
				"CODE_SIGN_IDENTITY[sdk=iphoneos*]" = "iPhone Developer";
				COPY_PHASE_STRIP = NO;
				DEBUG_INFORMATION_FORMAT = "dwarf-with-dsym";
				ENABLE_STRICT_OBJC_MSGSEND = YES;
				GCC_C_LANGUAGE_STANDARD = gnu99;
				GCC_DYNAMIC_NO_PIC = NO;
				GCC_NO_COMMON_BLOCKS = YES;
				GCC_OPTIMIZATION_LEVEL = 0;
				GCC_PREPROCESSOR_DEFINITIONS = (
					"DEBUG=1",
					"$(inherited)",
				);
				GCC_SYMBOLS_PRIVATE_EXTERN = NO;
				GCC_WARN_64_TO_32_BIT_CONVERSION = YES;
				GCC_WARN_ABOUT_RETURN_TYPE = YES_ERROR;
				GCC_WARN_UNDECLARED_SELECTOR = YES;
				GCC_WARN_UNINITIALIZED_AUTOS = YES_AGGRESSIVE;
				GCC_WARN_UNUSED_FUNCTION = YES;
				GCC_WARN_UNUSED_VARIABLE = YES;
				IPHONEOS_DEPLOYMENT_TARGET = 8.4;
				MTL_ENABLE_DEBUG_INFO = YES;
				ONLY_ACTIVE_ARCH = YES;
				SDKROOT = iphoneos;
			};
			name = Debug;
		};
		294011241BCAA57400E53F36 /* Release */ = {
			isa = XCBuildConfiguration;
			buildSettings = {
				ALWAYS_SEARCH_USER_PATHS = NO;
				CLANG_CXX_LANGUAGE_STANDARD = "gnu++0x";
				CLANG_CXX_LIBRARY = "libc++";
				CLANG_ENABLE_MODULES = YES;
				CLANG_ENABLE_OBJC_ARC = YES;
				CLANG_WARN_BOOL_CONVERSION = YES;
				CLANG_WARN_CONSTANT_CONVERSION = YES;
				CLANG_WARN_DIRECT_OBJC_ISA_USAGE = YES_ERROR;
				CLANG_WARN_EMPTY_BODY = YES;
				CLANG_WARN_ENUM_CONVERSION = YES;
				CLANG_WARN_INT_CONVERSION = YES;
				CLANG_WARN_OBJC_ROOT_CLASS = YES_ERROR;
				CLANG_WARN_UNREACHABLE_CODE = YES;
				CLANG_WARN__DUPLICATE_METHOD_MATCH = YES;
				"CODE_SIGN_IDENTITY[sdk=iphoneos*]" = "iPhone Developer";
				COPY_PHASE_STRIP = NO;
				DEBUG_INFORMATION_FORMAT = "dwarf-with-dsym";
				ENABLE_NS_ASSERTIONS = NO;
				ENABLE_STRICT_OBJC_MSGSEND = YES;
				GCC_C_LANGUAGE_STANDARD = gnu99;
				GCC_NO_COMMON_BLOCKS = YES;
				GCC_WARN_64_TO_32_BIT_CONVERSION = YES;
				GCC_WARN_ABOUT_RETURN_TYPE = YES_ERROR;
				GCC_WARN_UNDECLARED_SELECTOR = YES;
				GCC_WARN_UNINITIALIZED_AUTOS = YES_AGGRESSIVE;
				GCC_WARN_UNUSED_FUNCTION = YES;
				GCC_WARN_UNUSED_VARIABLE = YES;
				IPHONEOS_DEPLOYMENT_TARGET = 8.4;
				MTL_ENABLE_DEBUG_INFO = NO;
				SDKROOT = iphoneos;
				VALIDATE_PRODUCT = YES;
			};
			name = Release;
		};
		294011261BCAA57400E53F36 /* Debug */ = {
			isa = XCBuildConfiguration;
			buildSettings = {
				ASSETCATALOG_COMPILER_APPICON_NAME = AppIcon;
				INFOPLIST_FILE = PushNotification/Info.plist;
				LD_RUNPATH_SEARCH_PATHS = "$(inherited) @executable_path/Frameworks";
				PRODUCT_NAME = "$(TARGET_NAME)";
			};
			name = Debug;
		};
		294011271BCAA57400E53F36 /* Release */ = {
			isa = XCBuildConfiguration;
			buildSettings = {
				ASSETCATALOG_COMPILER_APPICON_NAME = AppIcon;
				INFOPLIST_FILE = PushNotification/Info.plist;
				LD_RUNPATH_SEARCH_PATHS = "$(inherited) @executable_path/Frameworks";
				PRODUCT_NAME = "$(TARGET_NAME)";
			};
			name = Release;
		};
		294011291BCAA57400E53F36 /* Debug */ = {
			isa = XCBuildConfiguration;
			buildSettings = {
				BUNDLE_LOADER = "$(TEST_HOST)";
				FRAMEWORK_SEARCH_PATHS = (
					"$(SDKROOT)/Developer/Library/Frameworks",
					"$(inherited)",
				);
				GCC_PREPROCESSOR_DEFINITIONS = (
					"DEBUG=1",
					"$(inherited)",
				);
				INFOPLIST_FILE = PushNotificationTests/Info.plist;
				LD_RUNPATH_SEARCH_PATHS = "$(inherited) @executable_path/Frameworks @loader_path/Frameworks";
				PRODUCT_NAME = "$(TARGET_NAME)";
				TEST_HOST = "$(BUILT_PRODUCTS_DIR)/PushNotification.app/PushNotification";
			};
			name = Debug;
		};
		2940112A1BCAA57400E53F36 /* Release */ = {
			isa = XCBuildConfiguration;
			buildSettings = {
				BUNDLE_LOADER = "$(TEST_HOST)";
				FRAMEWORK_SEARCH_PATHS = (
					"$(SDKROOT)/Developer/Library/Frameworks",
					"$(inherited)",
				);
				INFOPLIST_FILE = PushNotificationTests/Info.plist;
				LD_RUNPATH_SEARCH_PATHS = "$(inherited) @executable_path/Frameworks @loader_path/Frameworks";
				PRODUCT_NAME = "$(TARGET_NAME)";
				TEST_HOST = "$(BUILT_PRODUCTS_DIR)/PushNotification.app/PushNotification";
			};
			name = Release;
		};
/* End XCBuildConfiguration section */

/* Begin XCConfigurationList section */
		294010FD1BCAA57400E53F36 /* Build configuration list for PBXProject "PushNotification" */ = {
			isa = XCConfigurationList;
			buildConfigurations = (
				294011231BCAA57400E53F36 /* Debug */,
				294011241BCAA57400E53F36 /* Release */,
			);
			defaultConfigurationIsVisible = 0;
			defaultConfigurationName = Release;
		};
		294011251BCAA57400E53F36 /* Build configuration list for PBXNativeTarget "PushNotification" */ = {
			isa = XCConfigurationList;
			buildConfigurations = (
				294011261BCAA57400E53F36 /* Debug */,
				294011271BCAA57400E53F36 /* Release */,
			);
			defaultConfigurationIsVisible = 0;
		};
		294011281BCAA57400E53F36 /* Build configuration list for PBXNativeTarget "PushNotificationTests" */ = {
			isa = XCConfigurationList;
			buildConfigurations = (
				294011291BCAA57400E53F36 /* Debug */,
				2940112A1BCAA57400E53F36 /* Release */,
			);
			defaultConfigurationIsVisible = 0;
		};
/* End XCConfigurationList section */
	};
	rootObject = 294010FA1BCAA57400E53F36 /* Project object */;
}
